
Microsoft Visual Studio Solution File, Format Version 12.00
# Visual Studio 15
VisualStudioVersion = 15.0.28307.1022
MinimumVisualStudioVersion = 10.0.40219.1
Project("{FAE04EC0-301F-11D3-BF4B-00C04F79EFBC}") = "RestaurantTill", "RestaurantTill\RestaurantTill.csproj", "{035EB5C1-B0A9-40B6-B47F-9DA819C1C69B}"
EndProject
Project("{FAE04EC0-301F-11D3-BF4B-00C04F79EFBC}") = "AutomatedTest", "AutomatedTest\AutomatedTest.csproj", "{D0C05A21-FB07-41D3-943A-07319ED70B23}"
EndProject
Global
	GlobalSection(SolutionConfigurationPlatforms) = preSolution
		Debug|Any CPU = Debug|Any CPU
		Release|Any CPU = Release|Any CPU
	EndGlobalSection
	GlobalSection(ProjectConfigurationPlatforms) = postSolution
		{035EB5C1-B0A9-40B6-B47F-9DA819C1C69B}.Debug|Any CPU.ActiveCfg = Debug|Any CPU
		{035EB5C1-B0A9-40B6-B47F-9DA819C1C69B}.Debug|Any CPU.Build.0 = Debug|Any CPU
		{035EB5C1-B0A9-40B6-B47F-9DA819C1C69B}.Release|Any CPU.ActiveCfg = Release|Any CPU
		{035EB5C1-B0A9-40B6-B47F-9DA819C1C69B}.Release|Any CPU.Build.0 = Release|Any CPU
		{D0C05A21-FB07-41D3-943A-07319ED70B23}.Debug|Any CPU.ActiveCfg = Debug|Any CPU
		{D0C05A21-FB07-41D3-943A-07319ED70B23}.Debug|Any CPU.Build.0 = Debug|Any CPU
		{D0C05A21-FB07-41D3-943A-07319ED70B23}.Release|Any CPU.ActiveCfg = Release|Any CPU
		{D0C05A21-FB07-41D3-943A-07319ED70B23}.Release|Any CPU.Build.0 = Release|Any CPU
	EndGlobalSection
	GlobalSection(SolutionProperties) = preSolution
		HideSolutionNode = FALSE
	EndGlobalSection
	GlobalSection(ExtensibilityGlobals) = postSolution
		SolutionGuid = {108AB98F-77DA-434E-9E58-AC9E2844940D}
	EndGlobalSection
EndGlobal
